// !$*UTF8*$!
{
	archiveVersion = 1;
	classes = {
	};
	objectVersion = 50;
	objects = {

/* Begin PBXBuildFile section */
		D208C0CE23FA153800693E92 /* NewGameViewController.swift in Sources */ = {isa = PBXBuildFile; fileRef = D208C0CC23FA153800693E92 /* NewGameViewController.swift */; };
		D208C0CF23FA153800693E92 /* NewGameViewController.xib in Resources */ = {isa = PBXBuildFile; fileRef = D208C0CD23FA153800693E92 /* NewGameViewController.xib */; };
		D212252E23FA6CF600922A6E /* StepCounterTableCell.swift in Sources */ = {isa = PBXBuildFile; fileRef = D212252C23FA6CF600922A6E /* StepCounterTableCell.swift */; };
		D212252F23FA6CF600922A6E /* StepCounterTableCell.xib in Resources */ = {isa = PBXBuildFile; fileRef = D212252D23FA6CF600922A6E /* StepCounterTableCell.xib */; };
		D2B5187F240B79B200ABB391 /* NewGameModel.swift in Sources */ = {isa = PBXBuildFile; fileRef = D2B5187E240B79B200ABB391 /* NewGameModel.swift */; };
		D2BB803923F9E8DA000E34FA /* MatchHistoryModel.swift in Sources */ = {isa = PBXBuildFile; fileRef = D2BB803823F9E8DA000E34FA /* MatchHistoryModel.swift */; };
		D2BB803D23F9EA5B000E34FA /* MatchHistoryTableCell.swift in Sources */ = {isa = PBXBuildFile; fileRef = D2BB803B23F9EA5B000E34FA /* MatchHistoryTableCell.swift */; };
		D2BB803E23F9EA5B000E34FA /* MatchHistoryTableCell.xib in Resources */ = {isa = PBXBuildFile; fileRef = D2BB803C23F9EA5B000E34FA /* MatchHistoryTableCell.xib */; };
		D2E0DFB823F8ECDE008160C9 /* AppDelegate.swift in Sources */ = {isa = PBXBuildFile; fileRef = D2E0DFB723F8ECDE008160C9 /* AppDelegate.swift */; };
		D2E0DFBA23F8ECDE008160C9 /* SceneDelegate.swift in Sources */ = {isa = PBXBuildFile; fileRef = D2E0DFB923F8ECDE008160C9 /* SceneDelegate.swift */; };
		D2E0DFC223F8ECDE008160C9 /* RoadToRLCS.xcdatamodeld in Sources */ = {isa = PBXBuildFile; fileRef = D2E0DFC023F8ECDE008160C9 /* RoadToRLCS.xcdatamodeld */; };
		D2E0DFC423F8ECE5008160C9 /* Assets.xcassets in Resources */ = {isa = PBXBuildFile; fileRef = D2E0DFC323F8ECE5008160C9 /* Assets.xcassets */; };
		D2E0DFC723F8ECE5008160C9 /* LaunchScreen.storyboard in Resources */ = {isa = PBXBuildFile; fileRef = D2E0DFC523F8ECE5008160C9 /* LaunchScreen.storyboard */; };
		D2E0DFD223F8ECE5008160C9 /* RoadToRLCSTests.swift in Sources */ = {isa = PBXBuildFile; fileRef = D2E0DFD123F8ECE5008160C9 /* RoadToRLCSTests.swift */; };
		D2E0DFDD23F8ECE5008160C9 /* RoadToRLCSUITests.swift in Sources */ = {isa = PBXBuildFile; fileRef = D2E0DFDC23F8ECE5008160C9 /* RoadToRLCSUITests.swift */; };
		D2E0DFEF23F8ED85008160C9 /* Game.swift in Sources */ = {isa = PBXBuildFile; fileRef = D2E0DFEC23F8ED84008160C9 /* Game.swift */; };
		D2E0DFF123F8ED85008160C9 /* Player.swift in Sources */ = {isa = PBXBuildFile; fileRef = D2E0DFEE23F8ED85008160C9 /* Player.swift */; };
		D2E0DFF423F8EDC8008160C9 /* MatchHistoryViewController.swift in Sources */ = {isa = PBXBuildFile; fileRef = D2E0DFF223F8EDC8008160C9 /* MatchHistoryViewController.swift */; };
		D2E0DFF523F8EDC8008160C9 /* MatchHistoryViewController.xib in Resources */ = {isa = PBXBuildFile; fileRef = D2E0DFF323F8EDC8008160C9 /* MatchHistoryViewController.xib */; };
		D2E0DFF723F8EE85008160C9 /* MatchHistoryPresenter.swift in Sources */ = {isa = PBXBuildFile; fileRef = D2E0DFF623F8EE85008160C9 /* MatchHistoryPresenter.swift */; };
		D2E8E8C8240B75720099E471 /* NewGamePresenter.swift in Sources */ = {isa = PBXBuildFile; fileRef = D2E8E8C7240B75720099E471 /* NewGamePresenter.swift */; };
		D2ECC833240C4B7E00BCC95E /* Colors.xcassets in Resources */ = {isa = PBXBuildFile; fileRef = D2ECC832240C4B7E00BCC95E /* Colors.xcassets */; };
		D2ECC836240C6A5600BCC95E /* TextFieldCell.swift in Sources */ = {isa = PBXBuildFile; fileRef = D2ECC834240C6A5600BCC95E /* TextFieldCell.swift */; };
		D2ECC837240C6A5600BCC95E /* TextFieldCell.xib in Resources */ = {isa = PBXBuildFile; fileRef = D2ECC835240C6A5600BCC95E /* TextFieldCell.xib */; };
/* End PBXBuildFile section */

/* Begin PBXContainerItemProxy section */
		D2E0DFCE23F8ECE5008160C9 /* PBXContainerItemProxy */ = {
			isa = PBXContainerItemProxy;
			containerPortal = D2E0DFAC23F8ECDE008160C9 /* Project object */;
			proxyType = 1;
			remoteGlobalIDString = D2E0DFB323F8ECDE008160C9;
			remoteInfo = RoadToRLCS;
		};
		D2E0DFD923F8ECE5008160C9 /* PBXContainerItemProxy */ = {
			isa = PBXContainerItemProxy;
			containerPortal = D2E0DFAC23F8ECDE008160C9 /* Project object */;
			proxyType = 1;
			remoteGlobalIDString = D2E0DFB323F8ECDE008160C9;
			remoteInfo = RoadToRLCS;
		};
/* End PBXContainerItemProxy section */

/* Begin PBXFileReference section */
		D208C0CC23FA153800693E92 /* NewGameViewController.swift */ = {isa = PBXFileReference; lastKnownFileType = sourcecode.swift; path = NewGameViewController.swift; sourceTree = "<group>"; };
		D208C0CD23FA153800693E92 /* NewGameViewController.xib */ = {isa = PBXFileReference; lastKnownFileType = file.xib; path = NewGameViewController.xib; sourceTree = "<group>"; };
		D212252C23FA6CF600922A6E /* StepCounterTableCell.swift */ = {isa = PBXFileReference; lastKnownFileType = sourcecode.swift; path = StepCounterTableCell.swift; sourceTree = "<group>"; };
		D212252D23FA6CF600922A6E /* StepCounterTableCell.xib */ = {isa = PBXFileReference; lastKnownFileType = file.xib; path = StepCounterTableCell.xib; sourceTree = "<group>"; };
		D2B5187E240B79B200ABB391 /* NewGameModel.swift */ = {isa = PBXFileReference; lastKnownFileType = sourcecode.swift; path = NewGameModel.swift; sourceTree = "<group>"; };
		D2BB803823F9E8DA000E34FA /* MatchHistoryModel.swift */ = {isa = PBXFileReference; lastKnownFileType = sourcecode.swift; path = MatchHistoryModel.swift; sourceTree = "<group>"; };
		D2BB803B23F9EA5B000E34FA /* MatchHistoryTableCell.swift */ = {isa = PBXFileReference; lastKnownFileType = sourcecode.swift; path = MatchHistoryTableCell.swift; sourceTree = "<group>"; };
		D2BB803C23F9EA5B000E34FA /* MatchHistoryTableCell.xib */ = {isa = PBXFileReference; lastKnownFileType = file.xib; path = MatchHistoryTableCell.xib; sourceTree = "<group>"; };
		D2E0DFB423F8ECDE008160C9 /* RoadToRLCS.app */ = {isa = PBXFileReference; explicitFileType = wrapper.application; includeInIndex = 0; path = RoadToRLCS.app; sourceTree = BUILT_PRODUCTS_DIR; };
		D2E0DFB723F8ECDE008160C9 /* AppDelegate.swift */ = {isa = PBXFileReference; lastKnownFileType = sourcecode.swift; path = AppDelegate.swift; sourceTree = "<group>"; };
		D2E0DFB923F8ECDE008160C9 /* SceneDelegate.swift */ = {isa = PBXFileReference; lastKnownFileType = sourcecode.swift; path = SceneDelegate.swift; sourceTree = "<group>"; };
		D2E0DFC123F8ECDE008160C9 /* RoadToRLCS.xcdatamodel */ = {isa = PBXFileReference; lastKnownFileType = wrapper.xcdatamodel; path = RoadToRLCS.xcdatamodel; sourceTree = "<group>"; };
		D2E0DFC323F8ECE5008160C9 /* Assets.xcassets */ = {isa = PBXFileReference; lastKnownFileType = folder.assetcatalog; path = Assets.xcassets; sourceTree = "<group>"; };
		D2E0DFC623F8ECE5008160C9 /* Base */ = {isa = PBXFileReference; lastKnownFileType = file.storyboard; name = Base; path = Base.lproj/LaunchScreen.storyboard; sourceTree = "<group>"; };
		D2E0DFC823F8ECE5008160C9 /* Info.plist */ = {isa = PBXFileReference; lastKnownFileType = text.plist.xml; path = Info.plist; sourceTree = "<group>"; };
		D2E0DFCD23F8ECE5008160C9 /* RoadToRLCSTests.xctest */ = {isa = PBXFileReference; explicitFileType = wrapper.cfbundle; includeInIndex = 0; path = RoadToRLCSTests.xctest; sourceTree = BUILT_PRODUCTS_DIR; };
		D2E0DFD123F8ECE5008160C9 /* RoadToRLCSTests.swift */ = {isa = PBXFileReference; lastKnownFileType = sourcecode.swift; path = RoadToRLCSTests.swift; sourceTree = "<group>"; };
		D2E0DFD323F8ECE5008160C9 /* Info.plist */ = {isa = PBXFileReference; lastKnownFileType = text.plist.xml; path = Info.plist; sourceTree = "<group>"; };
		D2E0DFD823F8ECE5008160C9 /* RoadToRLCSUITests.xctest */ = {isa = PBXFileReference; explicitFileType = wrapper.cfbundle; includeInIndex = 0; path = RoadToRLCSUITests.xctest; sourceTree = BUILT_PRODUCTS_DIR; };
		D2E0DFDC23F8ECE5008160C9 /* RoadToRLCSUITests.swift */ = {isa = PBXFileReference; lastKnownFileType = sourcecode.swift; path = RoadToRLCSUITests.swift; sourceTree = "<group>"; };
		D2E0DFDE23F8ECE5008160C9 /* Info.plist */ = {isa = PBXFileReference; lastKnownFileType = text.plist.xml; path = Info.plist; sourceTree = "<group>"; };
		D2E0DFEC23F8ED84008160C9 /* Game.swift */ = {isa = PBXFileReference; fileEncoding = 4; lastKnownFileType = sourcecode.swift; path = Game.swift; sourceTree = "<group>"; };
		D2E0DFEE23F8ED85008160C9 /* Player.swift */ = {isa = PBXFileReference; fileEncoding = 4; lastKnownFileType = sourcecode.swift; path = Player.swift; sourceTree = "<group>"; };
		D2E0DFF223F8EDC8008160C9 /* MatchHistoryViewController.swift */ = {isa = PBXFileReference; lastKnownFileType = sourcecode.swift; path = MatchHistoryViewController.swift; sourceTree = "<group>"; };
		D2E0DFF323F8EDC8008160C9 /* MatchHistoryViewController.xib */ = {isa = PBXFileReference; lastKnownFileType = file.xib; path = MatchHistoryViewController.xib; sourceTree = "<group>"; };
		D2E0DFF623F8EE85008160C9 /* MatchHistoryPresenter.swift */ = {isa = PBXFileReference; lastKnownFileType = sourcecode.swift; path = MatchHistoryPresenter.swift; sourceTree = "<group>"; };
		D2E8E8C7240B75720099E471 /* NewGamePresenter.swift */ = {isa = PBXFileReference; lastKnownFileType = sourcecode.swift; path = NewGamePresenter.swift; sourceTree = "<group>"; };
		D2ECC832240C4B7E00BCC95E /* Colors.xcassets */ = {isa = PBXFileReference; lastKnownFileType = folder.assetcatalog; path = Colors.xcassets; sourceTree = "<group>"; };
		D2ECC834240C6A5600BCC95E /* TextFieldCell.swift */ = {isa = PBXFileReference; lastKnownFileType = sourcecode.swift; path = TextFieldCell.swift; sourceTree = "<group>"; };
		D2ECC835240C6A5600BCC95E /* TextFieldCell.xib */ = {isa = PBXFileReference; lastKnownFileType = file.xib; path = TextFieldCell.xib; sourceTree = "<group>"; };
/* End PBXFileReference section */

/* Begin PBXFrameworksBuildPhase section */
		D2E0DFB123F8ECDE008160C9 /* Frameworks */ = {
			isa = PBXFrameworksBuildPhase;
			buildActionMask = 2147483647;
			files = (
			);
			runOnlyForDeploymentPostprocessing = 0;
		};
		D2E0DFCA23F8ECE5008160C9 /* Frameworks */ = {
			isa = PBXFrameworksBuildPhase;
			buildActionMask = 2147483647;
			files = (
			);
			runOnlyForDeploymentPostprocessing = 0;
		};
		D2E0DFD523F8ECE5008160C9 /* Frameworks */ = {
			isa = PBXFrameworksBuildPhase;
			buildActionMask = 2147483647;
			files = (
			);
			runOnlyForDeploymentPostprocessing = 0;
		};
/* End PBXFrameworksBuildPhase section */

/* Begin PBXGroup section */
		D208C0CB23FA150B00693E92 /* NewGame */ = {
			isa = PBXGroup;
			children = (
				D2E8E8C6240B75530099E471 /* Controllers */,
				D208C0D023FA16FD00693E92 /* Views */,
				D2E8E8C7240B75720099E471 /* NewGamePresenter.swift */,
				D2B5187E240B79B200ABB391 /* NewGameModel.swift */,
			);
			path = NewGame;
			sourceTree = "<group>";
		};
		D208C0D023FA16FD00693E92 /* Views */ = {
			isa = PBXGroup;
			children = (
				D212252C23FA6CF600922A6E /* StepCounterTableCell.swift */,
				D212252D23FA6CF600922A6E /* StepCounterTableCell.xib */,
				D2ECC834240C6A5600BCC95E /* TextFieldCell.swift */,
				D2ECC835240C6A5600BCC95E /* TextFieldCell.xib */,
			);
			path = Views;
			sourceTree = "<group>";
		};
		D2BB803A23F9EA28000E34FA /* Views */ = {
			isa = PBXGroup;
			children = (
				D2BB803B23F9EA5B000E34FA /* MatchHistoryTableCell.swift */,
				D2BB803C23F9EA5B000E34FA /* MatchHistoryTableCell.xib */,
			);
			path = Views;
			sourceTree = "<group>";
		};
		D2E0DFAB23F8ECDE008160C9 = {
			isa = PBXGroup;
			children = (
				D2E0DFB623F8ECDE008160C9 /* RoadToRLCS */,
				D2E0DFD023F8ECE5008160C9 /* RoadToRLCSTests */,
				D2E0DFDB23F8ECE5008160C9 /* RoadToRLCSUITests */,
				D2E0DFB523F8ECDE008160C9 /* Products */,
			);
			sourceTree = "<group>";
		};
		D2E0DFB523F8ECDE008160C9 /* Products */ = {
			isa = PBXGroup;
			children = (
				D2E0DFB423F8ECDE008160C9 /* RoadToRLCS.app */,
				D2E0DFCD23F8ECE5008160C9 /* RoadToRLCSTests.xctest */,
				D2E0DFD823F8ECE5008160C9 /* RoadToRLCSUITests.xctest */,
			);
			name = Products;
			sourceTree = "<group>";
		};
		D2E0DFB623F8ECDE008160C9 /* RoadToRLCS */ = {
			isa = PBXGroup;
			children = (
				D2E0DFB723F8ECDE008160C9 /* AppDelegate.swift */,
				D2E0DFB923F8ECDE008160C9 /* SceneDelegate.swift */,
				D2E0DFEB23F8ED71008160C9 /* Model */,
				D2E0DFEA23F8ED3F008160C9 /* MatchHistory */,
				D208C0CB23FA150B00693E92 /* NewGame */,
				D2ECC831240C4B1D00BCC95E /* Resources */,
				D2E0DFC523F8ECE5008160C9 /* LaunchScreen.storyboard */,
				D2E0DFC823F8ECE5008160C9 /* Info.plist */,
				D2E0DFC023F8ECDE008160C9 /* RoadToRLCS.xcdatamodeld */,
			);
			path = RoadToRLCS;
			sourceTree = "<group>";
		};
		D2E0DFD023F8ECE5008160C9 /* RoadToRLCSTests */ = {
			isa = PBXGroup;
			children = (
				D2E0DFD123F8ECE5008160C9 /* RoadToRLCSTests.swift */,
				D2E0DFD323F8ECE5008160C9 /* Info.plist */,
			);
			path = RoadToRLCSTests;
			sourceTree = "<group>";
		};
		D2E0DFDB23F8ECE5008160C9 /* RoadToRLCSUITests */ = {
			isa = PBXGroup;
			children = (
				D2E0DFDC23F8ECE5008160C9 /* RoadToRLCSUITests.swift */,
				D2E0DFDE23F8ECE5008160C9 /* Info.plist */,
			);
			path = RoadToRLCSUITests;
			sourceTree = "<group>";
		};
		D2E0DFEA23F8ED3F008160C9 /* MatchHistory */ = {
			isa = PBXGroup;
			children = (
				D2E8E8C9240B75950099E471 /* Controllers */,
				D2BB803A23F9EA28000E34FA /* Views */,
				D2E0DFF623F8EE85008160C9 /* MatchHistoryPresenter.swift */,
				D2BB803823F9E8DA000E34FA /* MatchHistoryModel.swift */,
			);
			path = MatchHistory;
			sourceTree = "<group>";
		};
		D2E0DFEB23F8ED71008160C9 /* Model */ = {
			isa = PBXGroup;
			children = (
				D2E0DFEC23F8ED84008160C9 /* Game.swift */,
				D2E0DFEE23F8ED85008160C9 /* Player.swift */,
			);
			path = Model;
			sourceTree = "<group>";
		};
		D2E8E8C6240B75530099E471 /* Controllers */ = {
			isa = PBXGroup;
			children = (
				D208C0CC23FA153800693E92 /* NewGameViewController.swift */,
				D208C0CD23FA153800693E92 /* NewGameViewController.xib */,
			);
			path = Controllers;
			sourceTree = "<group>";
		};
		D2E8E8C9240B75950099E471 /* Controllers */ = {
			isa = PBXGroup;
			children = (
				D2E0DFF223F8EDC8008160C9 /* MatchHistoryViewController.swift */,
				D2E0DFF323F8EDC8008160C9 /* MatchHistoryViewController.xib */,
			);
			path = Controllers;
			sourceTree = "<group>";
		};
		D2ECC831240C4B1D00BCC95E /* Resources */ = {
			isa = PBXGroup;
			children = (
				D2E0DFC323F8ECE5008160C9 /* Assets.xcassets */,
				D2ECC832240C4B7E00BCC95E /* Colors.xcassets */,
			);
			name = Resources;
			path = "New Group";
			sourceTree = "<group>";
		};
/* End PBXGroup section */

/* Begin PBXNativeTarget section */
		D2E0DFB323F8ECDE008160C9 /* RoadToRLCS */ = {
			isa = PBXNativeTarget;
			buildConfigurationList = D2E0DFE123F8ECE5008160C9 /* Build configuration list for PBXNativeTarget "RoadToRLCS" */;
			buildPhases = (
				D2E0DFB023F8ECDE008160C9 /* Sources */,
				D2E0DFB123F8ECDE008160C9 /* Frameworks */,
				D2E0DFB223F8ECDE008160C9 /* Resources */,
			);
			buildRules = (
			);
			dependencies = (
			);
			name = RoadToRLCS;
			productName = RoadToRLCS;
			productReference = D2E0DFB423F8ECDE008160C9 /* RoadToRLCS.app */;
			productType = "com.apple.product-type.application";
		};
		D2E0DFCC23F8ECE5008160C9 /* RoadToRLCSTests */ = {
			isa = PBXNativeTarget;
			buildConfigurationList = D2E0DFE423F8ECE5008160C9 /* Build configuration list for PBXNativeTarget "RoadToRLCSTests" */;
			buildPhases = (
				D2E0DFC923F8ECE5008160C9 /* Sources */,
				D2E0DFCA23F8ECE5008160C9 /* Frameworks */,
				D2E0DFCB23F8ECE5008160C9 /* Resources */,
			);
			buildRules = (
			);
			dependencies = (
				D2E0DFCF23F8ECE5008160C9 /* PBXTargetDependency */,
			);
			name = RoadToRLCSTests;
			productName = RoadToRLCSTests;
			productReference = D2E0DFCD23F8ECE5008160C9 /* RoadToRLCSTests.xctest */;
			productType = "com.apple.product-type.bundle.unit-test";
		};
		D2E0DFD723F8ECE5008160C9 /* RoadToRLCSUITests */ = {
			isa = PBXNativeTarget;
			buildConfigurationList = D2E0DFE723F8ECE5008160C9 /* Build configuration list for PBXNativeTarget "RoadToRLCSUITests" */;
			buildPhases = (
				D2E0DFD423F8ECE5008160C9 /* Sources */,
				D2E0DFD523F8ECE5008160C9 /* Frameworks */,
				D2E0DFD623F8ECE5008160C9 /* Resources */,
			);
			buildRules = (
			);
			dependencies = (
				D2E0DFDA23F8ECE5008160C9 /* PBXTargetDependency */,
			);
			name = RoadToRLCSUITests;
			productName = RoadToRLCSUITests;
			productReference = D2E0DFD823F8ECE5008160C9 /* RoadToRLCSUITests.xctest */;
			productType = "com.apple.product-type.bundle.ui-testing";
		};
/* End PBXNativeTarget section */

/* Begin PBXProject section */
		D2E0DFAC23F8ECDE008160C9 /* Project object */ = {
			isa = PBXProject;
			attributes = {
				LastSwiftUpdateCheck = 1120;
				LastUpgradeCheck = 1120;
				ORGANIZATIONNAME = jawnyawn;
				TargetAttributes = {
					D2E0DFB323F8ECDE008160C9 = {
						CreatedOnToolsVersion = 11.2.1;
					};
					D2E0DFCC23F8ECE5008160C9 = {
						CreatedOnToolsVersion = 11.2.1;
						TestTargetID = D2E0DFB323F8ECDE008160C9;
					};
					D2E0DFD723F8ECE5008160C9 = {
						CreatedOnToolsVersion = 11.2.1;
						TestTargetID = D2E0DFB323F8ECDE008160C9;
					};
				};
			};
			buildConfigurationList = D2E0DFAF23F8ECDE008160C9 /* Build configuration list for PBXProject "RoadToRLCS" */;
			compatibilityVersion = "Xcode 9.3";
			developmentRegion = en;
			hasScannedForEncodings = 0;
			knownRegions = (
				en,
				Base,
			);
			mainGroup = D2E0DFAB23F8ECDE008160C9;
			productRefGroup = D2E0DFB523F8ECDE008160C9 /* Products */;
			projectDirPath = "";
			projectRoot = "";
			targets = (
				D2E0DFB323F8ECDE008160C9 /* RoadToRLCS */,
				D2E0DFCC23F8ECE5008160C9 /* RoadToRLCSTests */,
				D2E0DFD723F8ECE5008160C9 /* RoadToRLCSUITests */,
			);
		};
/* End PBXProject section */

/* Begin PBXResourcesBuildPhase section */
		D2E0DFB223F8ECDE008160C9 /* Resources */ = {
			isa = PBXResourcesBuildPhase;
			buildActionMask = 2147483647;
			files = (
				D2E0DFC723F8ECE5008160C9 /* LaunchScreen.storyboard in Resources */,
				D208C0CF23FA153800693E92 /* NewGameViewController.xib in Resources */,
				D2BB803E23F9EA5B000E34FA /* MatchHistoryTableCell.xib in Resources */,
				D2ECC837240C6A5600BCC95E /* TextFieldCell.xib in Resources */,
				D2E0DFC423F8ECE5008160C9 /* Assets.xcassets in Resources */,
				D2E0DFF523F8EDC8008160C9 /* MatchHistoryViewController.xib in Resources */,
				D212252F23FA6CF600922A6E /* StepCounterTableCell.xib in Resources */,
				D2ECC833240C4B7E00BCC95E /* Colors.xcassets in Resources */,
			);
			runOnlyForDeploymentPostprocessing = 0;
		};
		D2E0DFCB23F8ECE5008160C9 /* Resources */ = {
			isa = PBXResourcesBuildPhase;
			buildActionMask = 2147483647;
			files = (
			);
			runOnlyForDeploymentPostprocessing = 0;
		};
		D2E0DFD623F8ECE5008160C9 /* Resources */ = {
			isa = PBXResourcesBuildPhase;
			buildActionMask = 2147483647;
			files = (
			);
			runOnlyForDeploymentPostprocessing = 0;
		};
/* End PBXResourcesBuildPhase section */

/* Begin PBXSourcesBuildPhase section */
		D2E0DFB023F8ECDE008160C9 /* Sources */ = {
			isa = PBXSourcesBuildPhase;
			buildActionMask = 2147483647;
			files = (
				D2BB803D23F9EA5B000E34FA /* MatchHistoryTableCell.swift in Sources */,
				D2E0DFC223F8ECDE008160C9 /* RoadToRLCS.xcdatamodeld in Sources */,
				D2E8E8C8240B75720099E471 /* NewGamePresenter.swift in Sources */,
				D2E0DFB823F8ECDE008160C9 /* AppDelegate.swift in Sources */,
				D2BB803923F9E8DA000E34FA /* MatchHistoryModel.swift in Sources */,
				D2ECC836240C6A5600BCC95E /* TextFieldCell.swift in Sources */,
				D2E0DFBA23F8ECDE008160C9 /* SceneDelegate.swift in Sources */,
				D2E0DFF123F8ED85008160C9 /* Player.swift in Sources */,
				D2E0DFF723F8EE85008160C9 /* MatchHistoryPresenter.swift in Sources */,
				D208C0CE23FA153800693E92 /* NewGameViewController.swift in Sources */,
				D2E0DFF423F8EDC8008160C9 /* MatchHistoryViewController.swift in Sources */,
				D2B5187F240B79B200ABB391 /* NewGameModel.swift in Sources */,
				D212252E23FA6CF600922A6E /* StepCounterTableCell.swift in Sources */,
				D2E0DFEF23F8ED85008160C9 /* Game.swift in Sources */,
			);
			runOnlyForDeploymentPostprocessing = 0;
		};
		D2E0DFC923F8ECE5008160C9 /* Sources */ = {
			isa = PBXSourcesBuildPhase;
			buildActionMask = 2147483647;
			files = (
				D2E0DFD223F8ECE5008160C9 /* RoadToRLCSTests.swift in Sources */,
			);
			runOnlyForDeploymentPostprocessing = 0;
		};
		D2E0DFD423F8ECE5008160C9 /* Sources */ = {
			isa = PBXSourcesBuildPhase;
			buildActionMask = 2147483647;
			files = (
				D2E0DFDD23F8ECE5008160C9 /* RoadToRLCSUITests.swift in Sources */,
			);
			runOnlyForDeploymentPostprocessing = 0;
		};
/* End PBXSourcesBuildPhase section */

/* Begin PBXTargetDependency section */
		D2E0DFCF23F8ECE5008160C9 /* PBXTargetDependency */ = {
			isa = PBXTargetDependency;
			target = D2E0DFB323F8ECDE008160C9 /* RoadToRLCS */;
			targetProxy = D2E0DFCE23F8ECE5008160C9 /* PBXContainerItemProxy */;
		};
		D2E0DFDA23F8ECE5008160C9 /* PBXTargetDependency */ = {
			isa = PBXTargetDependency;
			target = D2E0DFB323F8ECDE008160C9 /* RoadToRLCS */;
			targetProxy = D2E0DFD923F8ECE5008160C9 /* PBXContainerItemProxy */;
		};
/* End PBXTargetDependency section */

/* Begin PBXVariantGroup section */
		D2E0DFC523F8ECE5008160C9 /* LaunchScreen.storyboard */ = {
			isa = PBXVariantGroup;
			children = (
				D2E0DFC623F8ECE5008160C9 /* Base */,
			);
			name = LaunchScreen.storyboard;
			sourceTree = "<group>";
		};
/* End PBXVariantGroup section */

/* Begin XCBuildConfiguration section */
		D2E0DFDF23F8ECE5008160C9 /* Debug */ = {
			isa = XCBuildConfiguration;
			buildSettings = {
				ALWAYS_SEARCH_USER_PATHS = NO;
				CLANG_ANALYZER_NONNULL = YES;
				CLANG_ANALYZER_NUMBER_OBJECT_CONVERSION = YES_AGGRESSIVE;
				CLANG_CXX_LANGUAGE_STANDARD = "gnu++14";
				CLANG_CXX_LIBRARY = "libc++";
				CLANG_ENABLE_MODULES = YES;
				CLANG_ENABLE_OBJC_ARC = YES;
				CLANG_ENABLE_OBJC_WEAK = YES;
				CLANG_WARN_BLOCK_CAPTURE_AUTORELEASING = YES;
				CLANG_WARN_BOOL_CONVERSION = YES;
				CLANG_WARN_COMMA = YES;
				CLANG_WARN_CONSTANT_CONVERSION = YES;
				CLANG_WARN_DEPRECATED_OBJC_IMPLEMENTATIONS = YES;
				CLANG_WARN_DIRECT_OBJC_ISA_USAGE = YES_ERROR;
				CLANG_WARN_DOCUMENTATION_COMMENTS = YES;
				CLANG_WARN_EMPTY_BODY = YES;
				CLANG_WARN_ENUM_CONVERSION = YES;
				CLANG_WARN_INFINITE_RECURSION = YES;
				CLANG_WARN_INT_CONVERSION = YES;
				CLANG_WARN_NON_LITERAL_NULL_CONVERSION = YES;
				CLANG_WARN_OBJC_IMPLICIT_RETAIN_SELF = YES;
				CLANG_WARN_OBJC_LITERAL_CONVERSION = YES;
				CLANG_WARN_OBJC_ROOT_CLASS = YES_ERROR;
				CLANG_WARN_RANGE_LOOP_ANALYSIS = YES;
				CLANG_WARN_STRICT_PROTOTYPES = YES;
				CLANG_WARN_SUSPICIOUS_MOVE = YES;
				CLANG_WARN_UNGUARDED_AVAILABILITY = YES_AGGRESSIVE;
				CLANG_WARN_UNREACHABLE_CODE = YES;
				CLANG_WARN__DUPLICATE_METHOD_MATCH = YES;
				COPY_PHASE_STRIP = NO;
				DEBUG_INFORMATION_FORMAT = dwarf;
				ENABLE_STRICT_OBJC_MSGSEND = YES;
				ENABLE_TESTABILITY = YES;
				GCC_C_LANGUAGE_STANDARD = gnu11;
				GCC_DYNAMIC_NO_PIC = NO;
				GCC_NO_COMMON_BLOCKS = YES;
				GCC_OPTIMIZATION_LEVEL = 0;
				GCC_PREPROCESSOR_DEFINITIONS = (
					"DEBUG=1",
					"$(inherited)",
				);
				GCC_WARN_64_TO_32_BIT_CONVERSION = YES;
				GCC_WARN_ABOUT_RETURN_TYPE = YES_ERROR;
				GCC_WARN_UNDECLARED_SELECTOR = YES;
				GCC_WARN_UNINITIALIZED_AUTOS = YES_AGGRESSIVE;
				GCC_WARN_UNUSED_FUNCTION = YES;
				GCC_WARN_UNUSED_VARIABLE = YES;
				IPHONEOS_DEPLOYMENT_TARGET = 13.2;
				MTL_ENABLE_DEBUG_INFO = INCLUDE_SOURCE;
				MTL_FAST_MATH = YES;
				ONLY_ACTIVE_ARCH = YES;
				SDKROOT = iphoneos;
				SWIFT_ACTIVE_COMPILATION_CONDITIONS = DEBUG;
				SWIFT_OPTIMIZATION_LEVEL = "-Onone";
			};
			name = Debug;
		};
		D2E0DFE023F8ECE5008160C9 /* Release */ = {
			isa = XCBuildConfiguration;
			buildSettings = {
				ALWAYS_SEARCH_USER_PATHS = NO;
				CLANG_ANALYZER_NONNULL = YES;
				CLANG_ANALYZER_NUMBER_OBJECT_CONVERSION = YES_AGGRESSIVE;
				CLANG_CXX_LANGUAGE_STANDARD = "gnu++14";
				CLANG_CXX_LIBRARY = "libc++";
				CLANG_ENABLE_MODULES = YES;
				CLANG_ENABLE_OBJC_ARC = YES;
				CLANG_ENABLE_OBJC_WEAK = YES;
				CLANG_WARN_BLOCK_CAPTURE_AUTORELEASING = YES;
				CLANG_WARN_BOOL_CONVERSION = YES;
				CLANG_WARN_COMMA = YES;
				CLANG_WARN_CONSTANT_CONVERSION = YES;
				CLANG_WARN_DEPRECATED_OBJC_IMPLEMENTATIONS = YES;
				CLANG_WARN_DIRECT_OBJC_ISA_USAGE = YES_ERROR;
				CLANG_WARN_DOCUMENTATION_COMMENTS = YES;
				CLANG_WARN_EMPTY_BODY = YES;
				CLANG_WARN_ENUM_CONVERSION = YES;
				CLANG_WARN_INFINITE_RECURSION = YES;
				CLANG_WARN_INT_CONVERSION = YES;
				CLANG_WARN_NON_LITERAL_NULL_CONVERSION = YES;
				CLANG_WARN_OBJC_IMPLICIT_RETAIN_SELF = YES;
				CLANG_WARN_OBJC_LITERAL_CONVERSION = YES;
				CLANG_WARN_OBJC_ROOT_CLASS = YES_ERROR;
				CLANG_WARN_RANGE_LOOP_ANALYSIS = YES;
				CLANG_WARN_STRICT_PROTOTYPES = YES;
				CLANG_WARN_SUSPICIOUS_MOVE = YES;
				CLANG_WARN_UNGUARDED_AVAILABILITY = YES_AGGRESSIVE;
				CLANG_WARN_UNREACHABLE_CODE = YES;
				CLANG_WARN__DUPLICATE_METHOD_MATCH = YES;
				COPY_PHASE_STRIP = NO;
				DEBUG_INFORMATION_FORMAT = "dwarf-with-dsym";
				ENABLE_NS_ASSERTIONS = NO;
				ENABLE_STRICT_OBJC_MSGSEND = YES;
				GCC_C_LANGUAGE_STANDARD = gnu11;
				GCC_NO_COMMON_BLOCKS = YES;
				GCC_WARN_64_TO_32_BIT_CONVERSION = YES;
				GCC_WARN_ABOUT_RETURN_TYPE = YES_ERROR;
				GCC_WARN_UNDECLARED_SELECTOR = YES;
				GCC_WARN_UNINITIALIZED_AUTOS = YES_AGGRESSIVE;
				GCC_WARN_UNUSED_FUNCTION = YES;
				GCC_WARN_UNUSED_VARIABLE = YES;
				IPHONEOS_DEPLOYMENT_TARGET = 13.2;
				MTL_ENABLE_DEBUG_INFO = NO;
				MTL_FAST_MATH = YES;
				SDKROOT = iphoneos;
				SWIFT_COMPILATION_MODE = wholemodule;
				SWIFT_OPTIMIZATION_LEVEL = "-O";
				VALIDATE_PRODUCT = YES;
			};
			name = Release;
		};
		D2E0DFE223F8ECE5008160C9 /* Debug */ = {
			isa = XCBuildConfiguration;
			buildSettings = {
				ASSETCATALOG_COMPILER_APPICON_NAME = AppIcon;
				CODE_SIGN_STYLE = Automatic;
				DEVELOPMENT_TEAM = DGLQEP2M6C;
				INFOPLIST_FILE = RoadToRLCS/Info.plist;
				LD_RUNPATH_SEARCH_PATHS = (
					"$(inherited)",
					"@executable_path/Frameworks",
				);
				PRODUCT_BUNDLE_IDENTIFIER = com.jawnyawn.RoadToRLCS;
				PRODUCT_NAME = "$(TARGET_NAME)";
				SWIFT_VERSION = 5.0;
				TARGETED_DEVICE_FAMILY = "1,2";
			};
			name = Debug;
		};
		D2E0DFE323F8ECE5008160C9 /* Release */ = {
			isa = XCBuildConfiguration;
			buildSettings = {
				ASSETCATALOG_COMPILER_APPICON_NAME = AppIcon;
				CODE_SIGN_STYLE = Automatic;
				DEVELOPMENT_TEAM = DGLQEP2M6C;
				INFOPLIST_FILE = RoadToRLCS/Info.plist;
				LD_RUNPATH_SEARCH_PATHS = (
					"$(inherited)",
					"@executable_path/Frameworks",
				);
				PRODUCT_BUNDLE_IDENTIFIER = com.jawnyawn.RoadToRLCS;
				PRODUCT_NAME = "$(TARGET_NAME)";
				SWIFT_VERSION = 5.0;
				TARGETED_DEVICE_FAMILY = "1,2";
			};
			name = Release;
		};
		D2E0DFE523F8ECE5008160C9 /* Debug */ = {
			isa = XCBuildConfiguration;
			buildSettings = {
				ALWAYS_EMBED_SWIFT_STANDARD_LIBRARIES = YES;
				BUNDLE_LOADER = "$(TEST_HOST)";
				CODE_SIGN_STYLE = Automatic;
				DEVELOPMENT_TEAM = DGLQEP2M6C;
				INFOPLIST_FILE = RoadToRLCSTests/Info.plist;
				IPHONEOS_DEPLOYMENT_TARGET = 13.2;
				LD_RUNPATH_SEARCH_PATHS = (
					"$(inherited)",
					"@executable_path/Frameworks",
					"@loader_path/Frameworks",
				);
				PRODUCT_BUNDLE_IDENTIFIER = com.jawnyawn.RoadToRLCSTests;
				PRODUCT_NAME = "$(TARGET_NAME)";
				SWIFT_VERSION = 5.0;
				TARGETED_DEVICE_FAMILY = "1,2";
				TEST_HOST = "$(BUILT_PRODUCTS_DIR)/RoadToRLCS.app/RoadToRLCS";
			};
			name = Debug;
		};
		D2E0DFE623F8ECE5008160C9 /* Release */ = {
			isa = XCBuildConfiguration;
			buildSettings = {
				ALWAYS_EMBED_SWIFT_STANDARD_LIBRARIES = YES;
				BUNDLE_LOADER = "$(TEST_HOST)";
				CODE_SIGN_STYLE = Automatic;
				DEVELOPMENT_TEAM = DGLQEP2M6C;
				INFOPLIST_FILE = RoadToRLCSTests/Info.plist;
				IPHONEOS_DEPLOYMENT_TARGET = 13.2;
				LD_RUNPATH_SEARCH_PATHS = (
					"$(inherited)",
					"@executable_path/Frameworks",
					"@loader_path/Frameworks",
				);
				PRODUCT_BUNDLE_IDENTIFIER = com.jawnyawn.RoadToRLCSTests;
				PRODUCT_NAME = "$(TARGET_NAME)";
				SWIFT_VERSION = 5.0;
				TARGETED_DEVICE_FAMILY = "1,2";
				TEST_HOST = "$(BUILT_PRODUCTS_DIR)/RoadToRLCS.app/RoadToRLCS";
			};
			name = Release;
		};
		D2E0DFE823F8ECE5008160C9 /* Debug */ = {
			isa = XCBuildConfiguration;
			buildSettings = {
				ALWAYS_EMBED_SWIFT_STANDARD_LIBRARIES = YES;
				CODE_SIGN_STYLE = Automatic;
				DEVELOPMENT_TEAM = DGLQEP2M6C;
				INFOPLIST_FILE = RoadToRLCSUITests/Info.plist;
				LD_RUNPATH_SEARCH_PATHS = (
					"$(inherited)",
					"@executable_path/Frameworks",
					"@loader_path/Frameworks",
				);
				PRODUCT_BUNDLE_IDENTIFIER = com.jawnyawn.RoadToRLCSUITests;
				PRODUCT_NAME = "$(TARGET_NAME)";
				SWIFT_VERSION = 5.0;
				TARGETED_DEVICE_FAMILY = "1,2";
				TEST_TARGET_NAME = RoadToRLCS;
			};
			name = Debug;
		};
		D2E0DFE923F8ECE5008160C9 /* Release */ = {
			isa = XCBuildConfiguration;
			buildSettings = {
				ALWAYS_EMBED_SWIFT_STANDARD_LIBRARIES = YES;
				CODE_SIGN_STYLE = Automatic;
				DEVELOPMENT_TEAM = DGLQEP2M6C;
				INFOPLIST_FILE = RoadToRLCSUITests/Info.plist;
				LD_RUNPATH_SEARCH_PATHS = (
					"$(inherited)",
					"@executable_path/Frameworks",
					"@loader_path/Frameworks",
				);
				PRODUCT_BUNDLE_IDENTIFIER = com.jawnyawn.RoadToRLCSUITests;
				PRODUCT_NAME = "$(TARGET_NAME)";
				SWIFT_VERSION = 5.0;
				TARGETED_DEVICE_FAMILY = "1,2";
				TEST_TARGET_NAME = RoadToRLCS;
			};
			name = Release;
		};
/* End XCBuildConfiguration section */

/* Begin XCConfigurationList section */
		D2E0DFAF23F8ECDE008160C9 /* Build configuration list for PBXProject "RoadToRLCS" */ = {
			isa = XCConfigurationList;
			buildConfigurations = (
				D2E0DFDF23F8ECE5008160C9 /* Debug */,
				D2E0DFE023F8ECE5008160C9 /* Release */,
			);
			defaultConfigurationIsVisible = 0;
			defaultConfigurationName = Release;
		};
		D2E0DFE123F8ECE5008160C9 /* Build configuration list for PBXNativeTarget "RoadToRLCS" */ = {
			isa = XCConfigurationList;
			buildConfigurations = (
				D2E0DFE223F8ECE5008160C9 /* Debug */,
				D2E0DFE323F8ECE5008160C9 /* Release */,
			);
			defaultConfigurationIsVisible = 0;
			defaultConfigurationName = Release;
		};
		D2E0DFE423F8ECE5008160C9 /* Build configuration list for PBXNativeTarget "RoadToRLCSTests" */ = {
			isa = XCConfigurationList;
			buildConfigurations = (
				D2E0DFE523F8ECE5008160C9 /* Debug */,
				D2E0DFE623F8ECE5008160C9 /* Release */,
			);
			defaultConfigurationIsVisible = 0;
			defaultConfigurationName = Release;
		};
		D2E0DFE723F8ECE5008160C9 /* Build configuration list for PBXNativeTarget "RoadToRLCSUITests" */ = {
			isa = XCConfigurationList;
			buildConfigurations = (
				D2E0DFE823F8ECE5008160C9 /* Debug */,
				D2E0DFE923F8ECE5008160C9 /* Release */,
			);
			defaultConfigurationIsVisible = 0;
			defaultConfigurationName = Release;
		};
/* End XCConfigurationList section */

/* Begin XCVersionGroup section */
		D2E0DFC023F8ECDE008160C9 /* RoadToRLCS.xcdatamodeld */ = {
			isa = XCVersionGroup;
			children = (
				D2E0DFC123F8ECDE008160C9 /* RoadToRLCS.xcdatamodel */,
			);
			currentVersion = D2E0DFC123F8ECDE008160C9 /* RoadToRLCS.xcdatamodel */;
			path = RoadToRLCS.xcdatamodeld;
			sourceTree = "<group>";
			versionGroupType = wrapper.xcdatamodel;
		};
/* End XCVersionGroup section */
	};
	rootObject = D2E0DFAC23F8ECDE008160C9 /* Project object */;
}
